<?xml version="1.0" encoding="utf-8"?>
<Project ToolsVersion="4.0" xmlns="http://schemas.microsoft.com/developer/msbuild/2003">
  <ItemGroup>
    <Filter Include="Files">
      <UniqueIdentifier>{337e6584-f760-4048-aaa3-3db0141ea430}</UniqueIdentifier>
    </Filter>
    <Filter Include="Files\ZergEngine">
      <UniqueIdentifier>{feecaef1-dde4-4377-8f92-e679b387c5ce}</UniqueIdentifier>
    </Filter>
    <Filter Include="Files\ZergEngine\Common">
      <UniqueIdentifier>{8e8f9bc5-ff4a-49f6-a92e-70e9c3cb4545}</UniqueIdentifier>
    </Filter>
    <Filter Include="Files\ZergEngine\Common\DirectXTK">
      <UniqueIdentifier>{e75b379c-6843-48e4-8db7-51c6e9b26863}</UniqueIdentifier>
    </Filter>
    <Filter Include="Files\ZergEngine\Common\DirectXTex">
      <UniqueIdentifier>{cd70828c-a9dd-447e-8adb-676863c74751}</UniqueIdentifier>
    </Filter>
    <Filter Include="Files\ZergEngine\CoreSystem">
      <UniqueIdentifier>{7e7c8dbb-7a71-43dc-959b-c165adef07dd}</UniqueIdentifier>
    </Filter>
    <Filter Include="Files\ZergEngine\CoreSystem\LowLevelRenderer">
      <UniqueIdentifier>{42a626f7-272a-46a5-866d-6207bd092ff2}</UniqueIdentifier>
    </Filter>
    <Filter Include="Files\ZergEngine\CoreSystem\Resource">
      <UniqueIdentifier>{0a66c9c5-141f-446a-aac3-ca87a345ab7f}</UniqueIdentifier>
    </Filter>
    <Filter Include="Files\ZergEngine\CoreSystem\GamePlayBase">
      <UniqueIdentifier>{e1ac729c-10c9-41ca-b6ad-feb8af528f69}</UniqueIdentifier>
    </Filter>
    <Filter Include="Files\ZergEngine\CoreSystem\GamePlayBase\Component">
      <UniqueIdentifier>{622940e4-4558-4515-b222-4c76e85b77f6}</UniqueIdentifier>
    </Filter>
    <Filter Include="Files\ZergEngine\CoreSystem\DataStructure">
      <UniqueIdentifier>{ec3203ef-c6f5-4119-8cae-74bbf095d79e}</UniqueIdentifier>
    </Filter>
    <Filter Include="Files\ZergEngine\CoreSystem\ComponentSystem">
      <UniqueIdentifier>{b3d46867-08c0-4d55-96b4-3cfddbe60ac3}</UniqueIdentifier>
    </Filter>
    <Filter Include="Files\ZergEngine\CoreSystem\Resource\ShaderCode">
      <UniqueIdentifier>{e92a1726-7c06-492a-86bb-e736f838346a}</UniqueIdentifier>
    </Filter>
  </ItemGroup>
  <ItemGroup>
    <ClInclude Include="include\ZergEngine\ZergEngine.h">
      <Filter>Files\ZergEngine</Filter>
    </ClInclude>
    <ClInclude Include="include\ZergEngine\Common\EngineConstants.h">
      <Filter>Files\ZergEngine\Common</Filter>
    </ClInclude>
    <ClInclude Include="include\ZergEngine\CoreSystem\Time.h">
      <Filter>Files\ZergEngine\CoreSystem</Filter>
    </ClInclude>
    <ClInclude Include="include\ZergEngine\CoreSystem\GamePlayBase\Component\ComponentInterface.h">
      <Filter>Files\ZergEngine\CoreSystem\GamePlayBase\Component</Filter>
    </ClInclude>
    <ClInclude Include="include\ZergEngine\CoreSystem\Debug.h">
      <Filter>Files\ZergEngine\CoreSystem</Filter>
    </ClInclude>
    <ClInclude Include="include\ZergEngine\CoreSystem\Input.h">
      <Filter>Files\ZergEngine\CoreSystem</Filter>
    </ClInclude>
    <ClInclude Include="include\ZergEngine\CoreSystem\GamePlayBase\Component\Camera.h">
      <Filter>Files\ZergEngine\CoreSystem\GamePlayBase\Component</Filter>
    </ClInclude>
    <ClInclude Include="include\ZergEngine\CoreSystem\GamePlayBase\Component\ScriptInterface.h">
      <Filter>Files\ZergEngine\CoreSystem\GamePlayBase\Component</Filter>
    </ClInclude>
    <ClInclude Include="include\ZergEngine\CoreSystem\GamePlayBase\Component\Transform.h">
      <Filter>Files\ZergEngine\CoreSystem\GamePlayBase\Component</Filter>
    </ClInclude>
    <ClInclude Include="include\ZergEngine\CoreSystem\GamePlayBase\Component\MeshRenderer.h">
      <Filter>Files\ZergEngine\CoreSystem\GamePlayBase\Component</Filter>
    </ClInclude>
    <ClInclude Include="include\ZergEngine\CoreSystem\GamePlayBase\Component\Light.h">
      <Filter>Files\ZergEngine\CoreSystem\GamePlayBase\Component</Filter>
    </ClInclude>
    <ClInclude Include="include\ZergEngine\CoreSystem\ReferenceCounter.h">
      <Filter>Files\ZergEngine\CoreSystem</Filter>
    </ClInclude>
    <ClInclude Include="include\ZergEngine\CoreSystem\GamePlayBase\Component\Terrain.h">
      <Filter>Files\ZergEngine\CoreSystem\GamePlayBase\Component</Filter>
    </ClInclude>
    <ClInclude Include="include\ZergEngine\Common\ThirdPartySDK.h">
      <Filter>Files\ZergEngine\Common</Filter>
    </ClInclude>
    <ClInclude Include="include\ZergEngine\Common\DirectXTK\Audio.h">
      <Filter>Files\ZergEngine\Common\DirectXTK</Filter>
    </ClInclude>
    <ClInclude Include="include\ZergEngine\Common\DirectXTK\BufferHelpers.h">
      <Filter>Files\ZergEngine\Common\DirectXTK</Filter>
    </ClInclude>
    <ClInclude Include="include\ZergEngine\Common\DirectXTK\CommonStates.h">
      <Filter>Files\ZergEngine\Common\DirectXTK</Filter>
    </ClInclude>
    <ClInclude Include="include\ZergEngine\Common\DirectXTK\DDSTextureLoader.h">
      <Filter>Files\ZergEngine\Common\DirectXTK</Filter>
    </ClInclude>
    <ClInclude Include="include\ZergEngine\Common\DirectXTK\DirectXHelpers.h">
      <Filter>Files\ZergEngine\Common\DirectXTK</Filter>
    </ClInclude>
    <ClInclude Include="include\ZergEngine\Common\DirectXTK\Effects.h">
      <Filter>Files\ZergEngine\Common\DirectXTK</Filter>
    </ClInclude>
    <ClInclude Include="include\ZergEngine\Common\DirectXTK\GamePad.h">
      <Filter>Files\ZergEngine\Common\DirectXTK</Filter>
    </ClInclude>
    <ClInclude Include="include\ZergEngine\Common\DirectXTK\GeometricPrimitive.h">
      <Filter>Files\ZergEngine\Common\DirectXTK</Filter>
    </ClInclude>
    <ClInclude Include="include\ZergEngine\Common\DirectXTK\GraphicsMemory.h">
      <Filter>Files\ZergEngine\Common\DirectXTK</Filter>
    </ClInclude>
    <ClInclude Include="include\ZergEngine\Common\DirectXTK\Keyboard.h">
      <Filter>Files\ZergEngine\Common\DirectXTK</Filter>
    </ClInclude>
    <ClInclude Include="include\ZergEngine\Common\DirectXTK\Model.h">
      <Filter>Files\ZergEngine\Common\DirectXTK</Filter>
    </ClInclude>
    <ClInclude Include="include\ZergEngine\Common\DirectXTK\Mouse.h">
      <Filter>Files\ZergEngine\Common\DirectXTK</Filter>
    </ClInclude>
    <ClInclude Include="include\ZergEngine\Common\DirectXTK\PostProcess.h">
      <Filter>Files\ZergEngine\Common\DirectXTK</Filter>
    </ClInclude>
    <ClInclude Include="include\ZergEngine\Common\DirectXTK\PrimitiveBatch.h">
      <Filter>Files\ZergEngine\Common\DirectXTK</Filter>
    </ClInclude>
    <ClInclude Include="include\ZergEngine\Common\DirectXTK\ScreenGrab.h">
      <Filter>Files\ZergEngine\Common\DirectXTK</Filter>
    </ClInclude>
    <ClInclude Include="include\ZergEngine\Common\DirectXTK\SimpleMath.h">
      <Filter>Files\ZergEngine\Common\DirectXTK</Filter>
    </ClInclude>
    <ClInclude Include="include\ZergEngine\Common\DirectXTK\SpriteBatch.h">
      <Filter>Files\ZergEngine\Common\DirectXTK</Filter>
    </ClInclude>
    <ClInclude Include="include\ZergEngine\Common\DirectXTK\SpriteFont.h">
      <Filter>Files\ZergEngine\Common\DirectXTK</Filter>
    </ClInclude>
    <ClInclude Include="include\ZergEngine\Common\DirectXTK\VertexTypes.h">
      <Filter>Files\ZergEngine\Common\DirectXTK</Filter>
    </ClInclude>
    <ClInclude Include="include\ZergEngine\Common\DirectXTK\WICTextureLoader.h">
      <Filter>Files\ZergEngine\Common\DirectXTK</Filter>
    </ClInclude>
    <ClInclude Include="include\ZergEngine\Common\DirectXTK\XboxDDSTextureLoader.h">
      <Filter>Files\ZergEngine\Common\DirectXTK</Filter>
    </ClInclude>
    <ClInclude Include="include\ZergEngine\Common\DirectXTex\DirectXTex.h">
      <Filter>Files\ZergEngine\Common\DirectXTex</Filter>
    </ClInclude>
    <ClInclude Include="include\ZergEngine\CoreSystem\Math.h">
      <Filter>Files\ZergEngine\CoreSystem</Filter>
    </ClInclude>
    <ClInclude Include="include\ZergEngine\CoreSystem\SystemInfo.h">
      <Filter>Files\ZergEngine\CoreSystem</Filter>
    </ClInclude>
    <ClInclude Include="include\ZergEngine\CoreSystem\MemoryAllocator.h">
      <Filter>Files\ZergEngine\CoreSystem</Filter>
    </ClInclude>
    <ClInclude Include="include\ZergEngine\Common\EngineHelper.h">
      <Filter>Files\ZergEngine\Common</Filter>
    </ClInclude>
    <ClInclude Include="include\ZergEngine\CoreSystem\Resource\Material.h">
      <Filter>Files\ZergEngine\CoreSystem\Resource</Filter>
    </ClInclude>
    <ClInclude Include="include\ZergEngine\CoreSystem\Resource\Mesh.h">
      <Filter>Files\ZergEngine\CoreSystem\Resource</Filter>
    </ClInclude>
    <ClInclude Include="include\ZergEngine\CoreSystem\Resource\Skybox.h">
      <Filter>Files\ZergEngine\CoreSystem\Resource</Filter>
    </ClInclude>
    <ClInclude Include="include\ZergEngine\CoreSystem\Resource\Texture.h">
      <Filter>Files\ZergEngine\CoreSystem\Resource</Filter>
    </ClInclude>
    <ClInclude Include="include\ZergEngine\CoreSystem\Resource\Resource.h">
      <Filter>Files\ZergEngine\CoreSystem\Resource</Filter>
    </ClInclude>
    <ClInclude Include="include\ZergEngine\CoreSystem\COMInitializer.h">
      <Filter>Files\ZergEngine\CoreSystem</Filter>
    </ClInclude>
    <ClInclude Include="include\ZergEngine\CoreSystem\Window.h">
      <Filter>Files\ZergEngine\CoreSystem</Filter>
    </ClInclude>
    <ClInclude Include="include\ZergEngine\CoreSystem\GraphicDevice.h">
      <Filter>Files\ZergEngine\CoreSystem</Filter>
    </ClInclude>
    <ClInclude Include="include\ZergEngine\CoreSystem\LowLevelRenderer\Renderer.h">
      <Filter>Files\ZergEngine\CoreSystem\LowLevelRenderer</Filter>
    </ClInclude>
    <ClInclude Include="include\ZergEngine\CoreSystem\Resource\Shader.h">
      <Filter>Files\ZergEngine\CoreSystem\Resource</Filter>
    </ClInclude>
    <ClInclude Include="include\ZergEngine\CoreSystem\ResourceManager.h">
      <Filter>Files\ZergEngine\CoreSystem</Filter>
    </ClInclude>
    <ClInclude Include="include\ZergEngine\CoreSystem\DataStructure\RawVector.h">
      <Filter>Files\ZergEngine\CoreSystem\DataStructure</Filter>
    </ClInclude>
    <ClInclude Include="include\ZergEngine\CoreSystem\SceneManager.h">
      <Filter>Files\ZergEngine\CoreSystem</Filter>
    </ClInclude>
    <ClInclude Include="include\ZergEngine\CoreSystem\Scene.h">
      <Filter>Files\ZergEngine\CoreSystem</Filter>
    </ClInclude>
    <ClInclude Include="include\ZergEngine\CoreSystem\SlimRWLock.h">
      <Filter>Files\ZergEngine\CoreSystem</Filter>
    </ClInclude>
    <ClInclude Include="include\ZergEngine\CoreSystem\ComponentSystem\CameraManager.h">
      <Filter>Files\ZergEngine\CoreSystem\ComponentSystem</Filter>
    </ClInclude>
    <ClInclude Include="include\ZergEngine\CoreSystem\ComponentSystem\ScriptManager.h">
      <Filter>Files\ZergEngine\CoreSystem\ComponentSystem</Filter>
    </ClInclude>
    <ClInclude Include="include\ZergEngine\CoreSystem\ComponentSystem\MeshRendererManager.h">
      <Filter>Files\ZergEngine\CoreSystem\ComponentSystem</Filter>
    </ClInclude>
    <ClInclude Include="include\ZergEngine\CoreSystem\ComponentSystem\DirectionalLightManager.h">
      <Filter>Files\ZergEngine\CoreSystem\ComponentSystem</Filter>
    </ClInclude>
    <ClInclude Include="include\ZergEngine\CoreSystem\LowLevelRenderer\TechniqueInterface.h">
      <Filter>Files\ZergEngine\CoreSystem\LowLevelRenderer</Filter>
    </ClInclude>
    <ClInclude Include="include\ZergEngine\CoreSystem\FileSystem.h">
      <Filter>Files\ZergEngine\CoreSystem</Filter>
    </ClInclude>
    <ClInclude Include="include\ZergEngine\CoreSystem\ComponentSystem\ComponentManagerInterface.h">
      <Filter>Files\ZergEngine\CoreSystem\ComponentSystem</Filter>
    </ClInclude>
    <ClInclude Include="include\ZergEngine\CoreSystem\ComponentSystem\PointLightManager.h">
      <Filter>Files\ZergEngine\CoreSystem\ComponentSystem</Filter>
    </ClInclude>
    <ClInclude Include="include\ZergEngine\CoreSystem\ComponentSystem\SpotLightManager.h">
      <Filter>Files\ZergEngine\CoreSystem\ComponentSystem</Filter>
    </ClInclude>
    <ClInclude Include="include\ZergEngine\CoreSystem\ComponentSystem\TerrainManager.h">
      <Filter>Files\ZergEngine\CoreSystem\ComponentSystem</Filter>
    </ClInclude>
    <ClInclude Include="include\ZergEngine\CoreSystem\Runtime.h">
      <Filter>Files\ZergEngine\CoreSystem</Filter>
    </ClInclude>
    <ClInclude Include="include\ZergEngine\CoreSystem\SubsystemInterface.h">
      <Filter>Files\ZergEngine\CoreSystem</Filter>
    </ClInclude>
    <ClInclude Include="include\ZergEngine\CoreSystem\SceneTable.h">
      <Filter>Files\ZergEngine\CoreSystem</Filter>
    </ClInclude>
    <ClInclude Include="include\ZergEngine\CoreSystem\GameObjectManager.h">
      <Filter>Files\ZergEngine\CoreSystem</Filter>
    </ClInclude>
    <ClInclude Include="include\ZergEngine\CoreSystem\InputLayout.h">
      <Filter>Files\ZergEngine\CoreSystem</Filter>
    </ClInclude>
    <ClInclude Include="include\ZergEngine\CoreSystem\RenderState.h">
      <Filter>Files\ZergEngine\CoreSystem</Filter>
    </ClInclude>
    <ClInclude Include="include\ZergEngine\CoreSystem\LowLevelRenderer\StandardPTechnique.h">
      <Filter>Files\ZergEngine\CoreSystem\LowLevelRenderer</Filter>
    </ClInclude>
    <ClInclude Include="include\ZergEngine\CoreSystem\LowLevelRenderer\StandardPCTechnique.h">
      <Filter>Files\ZergEngine\CoreSystem\LowLevelRenderer</Filter>
    </ClInclude>
    <ClInclude Include="include\ZergEngine\CoreSystem\LowLevelRenderer\StandardPNTechnique.h">
      <Filter>Files\ZergEngine\CoreSystem\LowLevelRenderer</Filter>
    </ClInclude>
    <ClInclude Include="include\ZergEngine\CoreSystem\LowLevelRenderer\StandardPNTTechnique.h">
      <Filter>Files\ZergEngine\CoreSystem\LowLevelRenderer</Filter>
    </ClInclude>
    <ClInclude Include="include\ZergEngine\CoreSystem\LowLevelRenderer\StandardPTTechnique.h">
      <Filter>Files\ZergEngine\CoreSystem\LowLevelRenderer</Filter>
    </ClInclude>
    <ClInclude Include="include\ZergEngine\CoreSystem\LowLevelRenderer\SkyboxTechnique.h">
      <Filter>Files\ZergEngine\CoreSystem\LowLevelRenderer</Filter>
    </ClInclude>
    <ClInclude Include="include\ZergEngine\CoreSystem\LowLevelRenderer\StandardTechniqueInterface.h">
      <Filter>Files\ZergEngine\CoreSystem\LowLevelRenderer</Filter>
    </ClInclude>
    <ClInclude Include="include\ZergEngine\CoreSystem\LowLevelRenderer\TerrainTechnique.h">
      <Filter>Files\ZergEngine\CoreSystem\LowLevelRenderer</Filter>
    </ClInclude>
    <ClInclude Include="include\ZergEngine\CoreSystem\Resource\TerrainData.h">
      <Filter>Files\ZergEngine\CoreSystem\Resource</Filter>
    </ClInclude>
    <ClInclude Include="include\ZergEngine\CoreSystem\EnvironmentManager.h">
      <Filter>Files\ZergEngine\CoreSystem</Filter>
    </ClInclude>
    <ClInclude Include="include\ZergEngine\CoreSystem\GamePlayBase\GameObject.h">
      <Filter>Files\ZergEngine\CoreSystem\GamePlayBase</Filter>
    </ClInclude>
    <ClInclude Include="include\ZergEngine\CoreSystem\GamePlayBase\Component\ComponentType.h">
      <Filter>Files\ZergEngine\CoreSystem\GamePlayBase\Component</Filter>
    </ClInclude>
    <ClInclude Include="include\ZergEngine\CoreSystem\GamePlayBase\Handle.h">
      <Filter>Files\ZergEngine\CoreSystem\GamePlayBase</Filter>
    </ClInclude>
    <ClInclude Include="include\ZergEngine\CoreSystem\ComponentSystem\ComponentManagerMap.h">
      <Filter>Files\ZergEngine\CoreSystem\ComponentSystem</Filter>
    </ClInclude>
  </ItemGroup>
  <ItemGroup>
    <ClCompile Include="source\CoreSystem\Time.cpp">
      <Filter>Files\ZergEngine\CoreSystem</Filter>
    </ClCompile>
    <ClCompile Include="source\CoreSystem\Debug.cpp">
      <Filter>Files\ZergEngine\CoreSystem</Filter>
    </ClCompile>
    <ClCompile Include="source\CoreSystem\Input.cpp">
      <Filter>Files\ZergEngine\CoreSystem</Filter>
    </ClCompile>
    <ClCompile Include="source\CoreSystem\GamePlayBase\Component\Camera.cpp">
      <Filter>Files\ZergEngine\CoreSystem\GamePlayBase\Component</Filter>
    </ClCompile>
    <ClCompile Include="source\CoreSystem\GamePlayBase\Component\ComponentInterface.cpp">
      <Filter>Files\ZergEngine\CoreSystem\GamePlayBase\Component</Filter>
    </ClCompile>
    <ClCompile Include="source\CoreSystem\GamePlayBase\Component\Transform.cpp">
      <Filter>Files\ZergEngine\CoreSystem\GamePlayBase\Component</Filter>
    </ClCompile>
    <ClCompile Include="source\CoreSystem\GamePlayBase\Component\MeshRenderer.cpp">
      <Filter>Files\ZergEngine\CoreSystem\GamePlayBase\Component</Filter>
    </ClCompile>
    <ClCompile Include="source\CoreSystem\GamePlayBase\Component\ScriptInterface.cpp">
      <Filter>Files\ZergEngine\CoreSystem\GamePlayBase\Component</Filter>
    </ClCompile>
    <ClCompile Include="source\CoreSystem\GamePlayBase\Component\Light.cpp">
      <Filter>Files\ZergEngine\CoreSystem\GamePlayBase\Component</Filter>
    </ClCompile>
    <ClCompile Include="source\CoreSystem\ReferenceCounter.cpp">
      <Filter>Files\ZergEngine\CoreSystem</Filter>
    </ClCompile>
    <ClCompile Include="source\CoreSystem\GamePlayBase\Component\Terrain.cpp">
      <Filter>Files\ZergEngine\CoreSystem\GamePlayBase\Component</Filter>
    </ClCompile>
    <ClCompile Include="source\CoreSystem\Math.cpp">
      <Filter>Files\ZergEngine\CoreSystem</Filter>
    </ClCompile>
    <ClCompile Include="source\CoreSystem\SystemInfo.cpp">
      <Filter>Files\ZergEngine\CoreSystem</Filter>
    </ClCompile>
    <ClCompile Include="source\CoreSystem\MemoryAllocator.cpp">
      <Filter>Files\ZergEngine\CoreSystem</Filter>
    </ClCompile>
    <ClCompile Include="source\CoreSystem\Resource\Material.cpp">
      <Filter>Files\ZergEngine\CoreSystem\Resource</Filter>
    </ClCompile>
    <ClCompile Include="source\CoreSystem\Resource\Mesh.cpp">
      <Filter>Files\ZergEngine\CoreSystem\Resource</Filter>
    </ClCompile>
    <ClCompile Include="source\CoreSystem\Resource\Skybox.cpp">
      <Filter>Files\ZergEngine\CoreSystem\Resource</Filter>
    </ClCompile>
    <ClCompile Include="source\CoreSystem\Resource\Texture.cpp">
      <Filter>Files\ZergEngine\CoreSystem\Resource</Filter>
    </ClCompile>
    <ClCompile Include="source\CoreSystem\Resource\Resource.cpp">
      <Filter>Files\ZergEngine\CoreSystem\Resource</Filter>
    </ClCompile>
    <ClCompile Include="source\CoreSystem\COMInitializer.cpp">
      <Filter>Files\ZergEngine\CoreSystem</Filter>
    </ClCompile>
    <ClCompile Include="source\CoreSystem\Window.cpp">
      <Filter>Files\ZergEngine\CoreSystem</Filter>
    </ClCompile>
    <ClCompile Include="source\CoreSystem\GraphicDevice.cpp">
      <Filter>Files\ZergEngine\CoreSystem</Filter>
    </ClCompile>
    <ClCompile Include="source\CoreSystem\LowLevelRenderer\Renderer.cpp">
      <Filter>Files\ZergEngine\CoreSystem\LowLevelRenderer</Filter>
    </ClCompile>
    <ClCompile Include="source\CoreSystem\Resource\Shader.cpp">
      <Filter>Files\ZergEngine\CoreSystem\Resource</Filter>
    </ClCompile>
    <ClCompile Include="source\CoreSystem\ResourceManager.cpp">
      <Filter>Files\ZergEngine\CoreSystem</Filter>
    </ClCompile>
    <ClCompile Include="source\CoreSystem\DataStructure\RawVector.cpp">
      <Filter>Files\ZergEngine\CoreSystem\DataStructure</Filter>
    </ClCompile>
    <ClCompile Include="source\CoreSystem\SceneManager.cpp">
      <Filter>Files\ZergEngine\CoreSystem</Filter>
    </ClCompile>
    <ClCompile Include="source\CoreSystem\Scene.cpp">
      <Filter>Files\ZergEngine\CoreSystem</Filter>
    </ClCompile>
    <ClCompile Include="source\CoreSystem\SlimRWLock.cpp">
      <Filter>Files\ZergEngine\CoreSystem</Filter>
    </ClCompile>
    <ClCompile Include="source\CoreSystem\ComponentSystem\CameraManager.cpp">
      <Filter>Files\ZergEngine\CoreSystem\ComponentSystem</Filter>
    </ClCompile>
    <ClCompile Include="source\CoreSystem\ComponentSystem\ScriptManager.cpp">
      <Filter>Files\ZergEngine\CoreSystem\ComponentSystem</Filter>
    </ClCompile>
    <ClCompile Include="source\CoreSystem\ComponentSystem\MeshRendererManager.cpp">
      <Filter>Files\ZergEngine\CoreSystem\ComponentSystem</Filter>
    </ClCompile>
    <ClCompile Include="source\CoreSystem\ComponentSystem\DirectionalLightManager.cpp">
      <Filter>Files\ZergEngine\CoreSystem\ComponentSystem</Filter>
    </ClCompile>
    <ClCompile Include="source\Common\EngineHelper.cpp">
      <Filter>Files\ZergEngine\Common</Filter>
    </ClCompile>
    <ClCompile Include="source\CoreSystem\FileSystem.cpp">
      <Filter>Files\ZergEngine\CoreSystem</Filter>
    </ClCompile>
    <ClCompile Include="source\CoreSystem\ComponentSystem\ComponentManagerInterface.cpp">
      <Filter>Files\ZergEngine\CoreSystem\ComponentSystem</Filter>
    </ClCompile>
    <ClCompile Include="source\CoreSystem\ComponentSystem\PointLightManager.cpp">
      <Filter>Files\ZergEngine\CoreSystem\ComponentSystem</Filter>
    </ClCompile>
    <ClCompile Include="source\CoreSystem\ComponentSystem\SpotLightManager.cpp">
      <Filter>Files\ZergEngine\CoreSystem\ComponentSystem</Filter>
    </ClCompile>
    <ClCompile Include="source\CoreSystem\ComponentSystem\TerrainManager.cpp">
      <Filter>Files\ZergEngine\CoreSystem\ComponentSystem</Filter>
    </ClCompile>
    <ClCompile Include="source\CoreSystem\Runtime.cpp">
      <Filter>Files\ZergEngine\CoreSystem</Filter>
    </ClCompile>
    <ClCompile Include="source\CoreSystem\SubsystemInterface.cpp">
      <Filter>Files\ZergEngine\CoreSystem</Filter>
    </ClCompile>
    <ClCompile Include="source\CoreSystem\SceneTable.cpp">
      <Filter>Files\ZergEngine\CoreSystem</Filter>
    </ClCompile>
    <ClCompile Include="source\CoreSystem\GameObjectManager.cpp">
      <Filter>Files\ZergEngine\CoreSystem</Filter>
    </ClCompile>
    <ClCompile Include="source\CoreSystem\GamePlayBase\GameObject.cpp">
      <Filter>Files\ZergEngine\CoreSystem\GamePlayBase</Filter>
    </ClCompile>
    <ClCompile Include="source\CoreSystem\InputLayout.cpp">
      <Filter>Files\ZergEngine\CoreSystem</Filter>
    </ClCompile>
    <ClCompile Include="source\CoreSystem\RenderState.cpp">
      <Filter>Files\ZergEngine\CoreSystem</Filter>
    </ClCompile>
    <ClCompile Include="source\CoreSystem\LowLevelRenderer\StandardPTechnique.cpp">
      <Filter>Files\ZergEngine\CoreSystem\LowLevelRenderer</Filter>
    </ClCompile>
    <ClCompile Include="source\CoreSystem\LowLevelRenderer\StandardPCTechnique.cpp">
      <Filter>Files\ZergEngine\CoreSystem\LowLevelRenderer</Filter>
    </ClCompile>
    <ClCompile Include="source\CoreSystem\LowLevelRenderer\StandardPNTechnique.cpp">
      <Filter>Files\ZergEngine\CoreSystem\LowLevelRenderer</Filter>
    </ClCompile>
    <ClCompile Include="source\CoreSystem\LowLevelRenderer\StandardPNTTechnique.cpp">
      <Filter>Files\ZergEngine\CoreSystem\LowLevelRenderer</Filter>
    </ClCompile>
    <ClCompile Include="source\CoreSystem\LowLevelRenderer\StandardPTTechnique.cpp">
      <Filter>Files\ZergEngine\CoreSystem\LowLevelRenderer</Filter>
    </ClCompile>
    <ClCompile Include="source\CoreSystem\LowLevelRenderer\SkyboxTechnique.cpp">
      <Filter>Files\ZergEngine\CoreSystem\LowLevelRenderer</Filter>
    </ClCompile>
    <ClCompile Include="source\CoreSystem\LowLevelRenderer\StandardTechniqueInterface.cpp">
      <Filter>Files\ZergEngine\CoreSystem\LowLevelRenderer</Filter>
    </ClCompile>
    <ClCompile Include="source\CoreSystem\LowLevelRenderer\TerrainTechnique.cpp">
      <Filter>Files\ZergEngine\CoreSystem\LowLevelRenderer</Filter>
    </ClCompile>
    <ClCompile Include="source\CoreSystem\Resource\TerrainData.cpp">
      <Filter>Files\ZergEngine\CoreSystem\Resource</Filter>
    </ClCompile>
    <ClCompile Include="source\CoreSystem\EnvironmentManager.cpp">
      <Filter>Files\ZergEngine\CoreSystem</Filter>
    </ClCompile>
    <ClCompile Include="source\CoreSystem\GamePlayBase\Handle.cpp">
      <Filter>Files\ZergEngine\CoreSystem\GamePlayBase</Filter>
    </ClCompile>
    <ClCompile Include="source\CoreSystem\ComponentSystem\ComponentManagerMap.cpp">
      <Filter>Files\ZergEngine\CoreSystem\ComponentSystem</Filter>
    </ClCompile>
  </ItemGroup>
  <ItemGroup>
    <None Include="source\CoreSystem\Resource\ShaderCode\ShaderCommon.hlsli">
      <Filter>Files\ZergEngine\CoreSystem\Resource\ShaderCode</Filter>
    </None>
    <None Include="include\ZergEngine\Common\DirectXTK\SimpleMath.inl">
      <Filter>Files\ZergEngine\Common\DirectXTK</Filter>
    </None>
    <None Include="include\ZergEngine\Common\DirectXTex\DirectXTex.inl">
      <Filter>Files\ZergEngine\Common\DirectXTex</Filter>
    </None>
    <None Include="source\CoreSystem\Resource\ShaderCode\SubsetLighting.hlsli">
      <Filter>Files\ZergEngine\CoreSystem\Resource\ShaderCode</Filter>
    </None>
  </ItemGroup>
  <ItemGroup>
    <FxCompile Include="source\CoreSystem\Resource\ShaderCode\VSStandardTransformPNT.hlsl">
      <Filter>Files\ZergEngine\CoreSystem\Resource\ShaderCode</Filter>
    </FxCompile>
    <FxCompile Include="source\CoreSystem\Resource\ShaderCode\PSStandardColoringP.hlsl">
      <Filter>Files\ZergEngine\CoreSystem\Resource\ShaderCode</Filter>
    </FxCompile>
    <FxCompile Include="source\CoreSystem\Resource\ShaderCode\PSStandardColoringPN.hlsl">
      <Filter>Files\ZergEngine\CoreSystem\Resource\ShaderCode</Filter>
    </FxCompile>
    <FxCompile Include="source\CoreSystem\Resource\ShaderCode\PSStandardColoringPNT.hlsl">
      <Filter>Files\ZergEngine\CoreSystem\Resource\ShaderCode</Filter>
    </FxCompile>
    <FxCompile Include="source\CoreSystem\Resource\ShaderCode\PSSkyboxColoring.hlsl">
      <Filter>Files\ZergEngine\CoreSystem\Resource\ShaderCode</Filter>
    </FxCompile>
    <FxCompile Include="source\CoreSystem\Resource\ShaderCode\VSStandardTransformPN.hlsl">
      <Filter>Files\ZergEngine\CoreSystem\Resource\ShaderCode</Filter>
    </FxCompile>
    <FxCompile Include="source\CoreSystem\Resource\ShaderCode\VSStandardTransformP.hlsl">
      <Filter>Files\ZergEngine\CoreSystem\Resource\ShaderCode</Filter>
    </FxCompile>
    <FxCompile Include="source\CoreSystem\Resource\ShaderCode\VSStandardTransformPC.hlsl">
      <Filter>Files\ZergEngine\CoreSystem\Resource\ShaderCode</Filter>
    </FxCompile>
    <FxCompile Include="source\CoreSystem\Resource\ShaderCode\PSStandardColoringPC.hlsl">
      <Filter>Files\ZergEngine\CoreSystem\Resource\ShaderCode</Filter>
    </FxCompile>
    <FxCompile Include="source\CoreSystem\Resource\ShaderCode\VSStandardTransformPT.hlsl">
      <Filter>Files\ZergEngine\CoreSystem\Resource\ShaderCode</Filter>
    </FxCompile>
    <FxCompile Include="source\CoreSystem\Resource\ShaderCode\PSStandardColoringPT.hlsl">
      <Filter>Files\ZergEngine\CoreSystem\Resource\ShaderCode</Filter>
    </FxCompile>
    <FxCompile Include="source\CoreSystem\Resource\ShaderCode\VSRenderingResultMerge.hlsl">
      <Filter>Files\ZergEngine\CoreSystem\Resource\ShaderCode</Filter>
    </FxCompile>
    <FxCompile Include="source\CoreSystem\Resource\ShaderCode\PSMSRenderingResultMerge.hlsl">
      <Filter>Files\ZergEngine\CoreSystem\Resource\ShaderCode</Filter>
    </FxCompile>
    <FxCompile Include="source\CoreSystem\Resource\ShaderCode\VSTerrainTransform.hlsl">
      <Filter>Files\ZergEngine\CoreSystem\Resource\ShaderCode</Filter>
    </FxCompile>
    <FxCompile Include="source\CoreSystem\Resource\ShaderCode\HSTerrainRendering.hlsl">
      <Filter>Files\ZergEngine\CoreSystem\Resource\ShaderCode</Filter>
    </FxCompile>
    <FxCompile Include="source\CoreSystem\Resource\ShaderCode\DSTerrainRendering.hlsl">
      <Filter>Files\ZergEngine\CoreSystem\Resource\ShaderCode</Filter>
    </FxCompile>
    <FxCompile Include="source\CoreSystem\Resource\ShaderCode\PSTerrainColoring.hlsl">
      <Filter>Files\ZergEngine\CoreSystem\Resource\ShaderCode</Filter>
    </FxCompile>
    <FxCompile Include="source\CoreSystem\Resource\ShaderCode\VSSkyboxTransform.hlsl">
      <Filter>Files\ZergEngine\CoreSystem\Resource\ShaderCode</Filter>
    </FxCompile>
  </ItemGroup>
</Project>