<?xml version="1.0" encoding="utf-8"?>
<Project ToolsVersion="4.0" xmlns="http://schemas.microsoft.com/developer/msbuild/2003">
  <ItemGroup>
    <Filter Include="Files">
      <UniqueIdentifier>{337e6584-f760-4048-aaa3-3db0141ea430}</UniqueIdentifier>
    </Filter>
    <Filter Include="Files\ZergEngine">
      <UniqueIdentifier>{feecaef1-dde4-4377-8f92-e679b387c5ce}</UniqueIdentifier>
    </Filter>
    <Filter Include="Files\ZergEngine\Common">
      <UniqueIdentifier>{8e8f9bc5-ff4a-49f6-a92e-70e9c3cb4545}</UniqueIdentifier>
    </Filter>
    <Filter Include="Files\ZergEngine\CoreSystem">
      <UniqueIdentifier>{7e7c8dbb-7a71-43dc-959b-c165adef07dd}</UniqueIdentifier>
    </Filter>
    <Filter Include="Files\ZergEngine\CoreSystem\Resource">
      <UniqueIdentifier>{0a66c9c5-141f-446a-aac3-ca87a345ab7f}</UniqueIdentifier>
    </Filter>
    <Filter Include="Files\ZergEngine\CoreSystem\DataStructure">
      <UniqueIdentifier>{ec3203ef-c6f5-4119-8cae-74bbf095d79e}</UniqueIdentifier>
    </Filter>
    <Filter Include="Files\ZergEngine\CoreSystem\Manager">
      <UniqueIdentifier>{f0593807-9c9f-4454-8195-2a4ae107f2f0}</UniqueIdentifier>
    </Filter>
    <Filter Include="Files\ZergEngine\CoreSystem\Manager\ComponentManager">
      <UniqueIdentifier>{25bfb02a-cb58-4c28-a904-cb1592907472}</UniqueIdentifier>
    </Filter>
    <Filter Include="Files\ZergEngine\CoreSystem\Effect">
      <UniqueIdentifier>{5f426cbe-d976-4d11-bacb-7efe9eadec62}</UniqueIdentifier>
    </Filter>
    <Filter Include="Files\extlib">
      <UniqueIdentifier>{722aff78-7126-4485-9ead-31076d4187ef}</UniqueIdentifier>
    </Filter>
    <Filter Include="Files\extlib\DirectXTex">
      <UniqueIdentifier>{cd70828c-a9dd-447e-8adb-676863c74751}</UniqueIdentifier>
    </Filter>
    <Filter Include="Files\extlib\DirectXTK">
      <UniqueIdentifier>{e75b379c-6843-48e4-8db7-51c6e9b26863}</UniqueIdentifier>
    </Filter>
    <Filter Include="Files\ZergEngine\CoreSystem\ShaderResource">
      <UniqueIdentifier>{f098acac-efa6-4024-9447-910bc6a88b7e}</UniqueIdentifier>
    </Filter>
    <Filter Include="Files\ZergEngine\CoreSystem\ShaderCode">
      <UniqueIdentifier>{e92a1726-7c06-492a-86bb-e736f838346a}</UniqueIdentifier>
    </Filter>
    <Filter Include="Files\ZergEngine\CoreSystem\DeviceContext">
      <UniqueIdentifier>{42897642-bd97-4a56-9cb8-a63142bf1766}</UniqueIdentifier>
    </Filter>
    <Filter Include="Files\ZergEngine\CoreSystem\GamePlayBase">
      <UniqueIdentifier>{e1ac729c-10c9-41ca-b6ad-feb8af528f69}</UniqueIdentifier>
    </Filter>
    <Filter Include="Files\ZergEngine\CoreSystem\GamePlayBase\Component">
      <UniqueIdentifier>{622940e4-4558-4515-b222-4c76e85b77f6}</UniqueIdentifier>
    </Filter>
    <Filter Include="Files\ZergEngine\CoreSystem\GamePlayBase\UIObject">
      <UniqueIdentifier>{76db95bf-73ee-420f-8187-f914763a1df1}</UniqueIdentifier>
    </Filter>
  </ItemGroup>
  <ItemGroup>
    <ClInclude Include="include\ZergEngine\ZergEngine.h">
      <Filter>Files\ZergEngine</Filter>
    </ClInclude>
    <ClInclude Include="include\ZergEngine\Common\EngineConstants.h">
      <Filter>Files\ZergEngine\Common</Filter>
    </ClInclude>
    <ClInclude Include="include\ZergEngine\CoreSystem\Time.h">
      <Filter>Files\ZergEngine\CoreSystem</Filter>
    </ClInclude>
    <ClInclude Include="include\ZergEngine\CoreSystem\Debug.h">
      <Filter>Files\ZergEngine\CoreSystem</Filter>
    </ClInclude>
    <ClInclude Include="include\ZergEngine\CoreSystem\Input.h">
      <Filter>Files\ZergEngine\CoreSystem</Filter>
    </ClInclude>
    <ClInclude Include="include\ZergEngine\Common\ThirdPartySDK.h">
      <Filter>Files\ZergEngine\Common</Filter>
    </ClInclude>
    <ClInclude Include="include\ZergEngine\Common\DirectXTK\Audio.h">
      <Filter>Files\extlib\DirectXTK</Filter>
    </ClInclude>
    <ClInclude Include="include\ZergEngine\Common\DirectXTK\BufferHelpers.h">
      <Filter>Files\extlib\DirectXTK</Filter>
    </ClInclude>
    <ClInclude Include="include\ZergEngine\Common\DirectXTK\CommonStates.h">
      <Filter>Files\extlib\DirectXTK</Filter>
    </ClInclude>
    <ClInclude Include="include\ZergEngine\Common\DirectXTK\DDSTextureLoader.h">
      <Filter>Files\extlib\DirectXTK</Filter>
    </ClInclude>
    <ClInclude Include="include\ZergEngine\Common\DirectXTK\DirectXHelpers.h">
      <Filter>Files\extlib\DirectXTK</Filter>
    </ClInclude>
    <ClInclude Include="include\ZergEngine\Common\DirectXTK\Effects.h">
      <Filter>Files\extlib\DirectXTK</Filter>
    </ClInclude>
    <ClInclude Include="include\ZergEngine\Common\DirectXTK\GamePad.h">
      <Filter>Files\extlib\DirectXTK</Filter>
    </ClInclude>
    <ClInclude Include="include\ZergEngine\Common\DirectXTK\GeometricPrimitive.h">
      <Filter>Files\extlib\DirectXTK</Filter>
    </ClInclude>
    <ClInclude Include="include\ZergEngine\Common\DirectXTK\GraphicsMemory.h">
      <Filter>Files\extlib\DirectXTK</Filter>
    </ClInclude>
    <ClInclude Include="include\ZergEngine\Common\DirectXTK\Keyboard.h">
      <Filter>Files\extlib\DirectXTK</Filter>
    </ClInclude>
    <ClInclude Include="include\ZergEngine\Common\DirectXTK\Model.h">
      <Filter>Files\extlib\DirectXTK</Filter>
    </ClInclude>
    <ClInclude Include="include\ZergEngine\Common\DirectXTK\Mouse.h">
      <Filter>Files\extlib\DirectXTK</Filter>
    </ClInclude>
    <ClInclude Include="include\ZergEngine\Common\DirectXTK\PostProcess.h">
      <Filter>Files\extlib\DirectXTK</Filter>
    </ClInclude>
    <ClInclude Include="include\ZergEngine\Common\DirectXTK\PrimitiveBatch.h">
      <Filter>Files\extlib\DirectXTK</Filter>
    </ClInclude>
    <ClInclude Include="include\ZergEngine\Common\DirectXTK\ScreenGrab.h">
      <Filter>Files\extlib\DirectXTK</Filter>
    </ClInclude>
    <ClInclude Include="include\ZergEngine\Common\DirectXTK\SimpleMath.h">
      <Filter>Files\extlib\DirectXTK</Filter>
    </ClInclude>
    <ClInclude Include="include\ZergEngine\Common\DirectXTK\SpriteBatch.h">
      <Filter>Files\extlib\DirectXTK</Filter>
    </ClInclude>
    <ClInclude Include="include\ZergEngine\Common\DirectXTK\SpriteFont.h">
      <Filter>Files\extlib\DirectXTK</Filter>
    </ClInclude>
    <ClInclude Include="include\ZergEngine\Common\DirectXTK\VertexTypes.h">
      <Filter>Files\extlib\DirectXTK</Filter>
    </ClInclude>
    <ClInclude Include="include\ZergEngine\Common\DirectXTK\WICTextureLoader.h">
      <Filter>Files\extlib\DirectXTK</Filter>
    </ClInclude>
    <ClInclude Include="include\ZergEngine\Common\DirectXTK\XboxDDSTextureLoader.h">
      <Filter>Files\extlib\DirectXTK</Filter>
    </ClInclude>
    <ClInclude Include="include\ZergEngine\Common\DirectXTex\DirectXTex.h">
      <Filter>Files\extlib\DirectXTex</Filter>
    </ClInclude>
    <ClInclude Include="include\ZergEngine\CoreSystem\Math.h">
      <Filter>Files\ZergEngine\CoreSystem</Filter>
    </ClInclude>
    <ClInclude Include="include\ZergEngine\CoreSystem\MemoryAllocator.h">
      <Filter>Files\ZergEngine\CoreSystem</Filter>
    </ClInclude>
    <ClInclude Include="include\ZergEngine\Common\EngineHelper.h">
      <Filter>Files\ZergEngine\Common</Filter>
    </ClInclude>
    <ClInclude Include="include\ZergEngine\CoreSystem\Resource\Material.h">
      <Filter>Files\ZergEngine\CoreSystem\Resource</Filter>
    </ClInclude>
    <ClInclude Include="include\ZergEngine\CoreSystem\Resource\Mesh.h">
      <Filter>Files\ZergEngine\CoreSystem\Resource</Filter>
    </ClInclude>
    <ClInclude Include="include\ZergEngine\CoreSystem\Resource\Texture.h">
      <Filter>Files\ZergEngine\CoreSystem\Resource</Filter>
    </ClInclude>
    <ClInclude Include="include\ZergEngine\CoreSystem\Window.h">
      <Filter>Files\ZergEngine\CoreSystem</Filter>
    </ClInclude>
    <ClInclude Include="include\ZergEngine\CoreSystem\GraphicDevice.h">
      <Filter>Files\ZergEngine\CoreSystem</Filter>
    </ClInclude>
    <ClInclude Include="include\ZergEngine\CoreSystem\DataStructure\RawVector.h">
      <Filter>Files\ZergEngine\CoreSystem\DataStructure</Filter>
    </ClInclude>
    <ClInclude Include="include\ZergEngine\CoreSystem\SceneInterface.h">
      <Filter>Files\ZergEngine\CoreSystem</Filter>
    </ClInclude>
    <ClInclude Include="include\ZergEngine\CoreSystem\SlimRWLock.h">
      <Filter>Files\ZergEngine\CoreSystem</Filter>
    </ClInclude>
    <ClInclude Include="include\ZergEngine\CoreSystem\FileSystem.h">
      <Filter>Files\ZergEngine\CoreSystem</Filter>
    </ClInclude>
    <ClInclude Include="include\ZergEngine\CoreSystem\SceneTable.h">
      <Filter>Files\ZergEngine\CoreSystem</Filter>
    </ClInclude>
    <ClInclude Include="include\ZergEngine\CoreSystem\InputLayout.h">
      <Filter>Files\ZergEngine\CoreSystem</Filter>
    </ClInclude>
    <ClInclude Include="include\ZergEngine\CoreSystem\RenderState.h">
      <Filter>Files\ZergEngine\CoreSystem</Filter>
    </ClInclude>
    <ClInclude Include="include\ZergEngine\CoreSystem\Runtime.h">
      <Filter>Files\ZergEngine\CoreSystem</Filter>
    </ClInclude>
    <ClInclude Include="include\ZergEngine\CoreSystem\DataStructure\Aabb.h">
      <Filter>Files\ZergEngine\CoreSystem\DataStructure</Filter>
    </ClInclude>
    <ClInclude Include="include\ZergEngine\CoreSystem\Renderer.h">
      <Filter>Files\ZergEngine\CoreSystem</Filter>
    </ClInclude>
    <ClInclude Include="include\ZergEngine\CoreSystem\Manager\SceneManager.h">
      <Filter>Files\ZergEngine\CoreSystem\Manager</Filter>
    </ClInclude>
    <ClInclude Include="include\ZergEngine\CoreSystem\Manager\GameObjectManager.h">
      <Filter>Files\ZergEngine\CoreSystem\Manager</Filter>
    </ClInclude>
    <ClInclude Include="include\ZergEngine\CoreSystem\Manager\ComponentManager\MeshRendererManager.h">
      <Filter>Files\ZergEngine\CoreSystem\Manager\ComponentManager</Filter>
    </ClInclude>
    <ClInclude Include="include\ZergEngine\CoreSystem\Manager\ComponentManager\PointLightManager.h">
      <Filter>Files\ZergEngine\CoreSystem\Manager\ComponentManager</Filter>
    </ClInclude>
    <ClInclude Include="include\ZergEngine\CoreSystem\Manager\ComponentManager\MonoBehaviourManager.h">
      <Filter>Files\ZergEngine\CoreSystem\Manager\ComponentManager</Filter>
    </ClInclude>
    <ClInclude Include="include\ZergEngine\CoreSystem\Manager\ComponentManager\SpotLightManager.h">
      <Filter>Files\ZergEngine\CoreSystem\Manager\ComponentManager</Filter>
    </ClInclude>
    <ClInclude Include="include\ZergEngine\CoreSystem\Manager\ComponentManager\TerrainManager.h">
      <Filter>Files\ZergEngine\CoreSystem\Manager\ComponentManager</Filter>
    </ClInclude>
    <ClInclude Include="include\ZergEngine\CoreSystem\DataStructure\ViewportRect.h">
      <Filter>Files\ZergEngine\CoreSystem\DataStructure</Filter>
    </ClInclude>
    <ClInclude Include="include\ZergEngine\CoreSystem\DataStructure\UIHitbox.h">
      <Filter>Files\ZergEngine\CoreSystem\DataStructure</Filter>
    </ClInclude>
    <ClInclude Include="include\ZergEngine\CoreSystem\Effect\EffectInterface.h">
      <Filter>Files\ZergEngine\CoreSystem\Effect</Filter>
    </ClInclude>
    <ClInclude Include="include\ZergEngine\CoreSystem\Effect\BasicEffectPNT.h">
      <Filter>Files\ZergEngine\CoreSystem\Effect</Filter>
    </ClInclude>
    <ClInclude Include="include\ZergEngine\CoreSystem\ShaderResource\ConstantBuffer.h">
      <Filter>Files\ZergEngine\CoreSystem\ShaderResource</Filter>
    </ClInclude>
    <ClInclude Include="include\ZergEngine\CoreSystem\Shader.h">
      <Filter>Files\ZergEngine\CoreSystem</Filter>
    </ClInclude>
    <ClInclude Include="include\ZergEngine\CoreSystem\DeviceContext\EffectDeviceContext.h">
      <Filter>Files\ZergEngine\CoreSystem\DeviceContext</Filter>
    </ClInclude>
    <ClInclude Include="include\ZergEngine\CoreSystem\Effect\DummyEffect.h">
      <Filter>Files\ZergEngine\CoreSystem\Effect</Filter>
    </ClInclude>
    <ClInclude Include="include\ZergEngine\CoreSystem\Effect\BasicEffectP.h">
      <Filter>Files\ZergEngine\CoreSystem\Effect</Filter>
    </ClInclude>
    <ClInclude Include="include\ZergEngine\CoreSystem\Effect\BasicEffectPC.h">
      <Filter>Files\ZergEngine\CoreSystem\Effect</Filter>
    </ClInclude>
    <ClInclude Include="include\ZergEngine\CoreSystem\Effect\BasicEffectPN.h">
      <Filter>Files\ZergEngine\CoreSystem\Effect</Filter>
    </ClInclude>
    <ClInclude Include="include\ZergEngine\CoreSystem\Effect\BasicEffectPT.h">
      <Filter>Files\ZergEngine\CoreSystem\Effect</Filter>
    </ClInclude>
    <ClInclude Include="include\ZergEngine\CoreSystem\Effect\DrawQuadWithMSTextureEffect.h">
      <Filter>Files\ZergEngine\CoreSystem\Effect</Filter>
    </ClInclude>
    <ClInclude Include="include\ZergEngine\CoreSystem\Effect\ButtonEffect.h">
      <Filter>Files\ZergEngine\CoreSystem\Effect</Filter>
    </ClInclude>
    <ClInclude Include="include\ZergEngine\CoreSystem\Manager\UIObjectManager.h">
      <Filter>Files\ZergEngine\CoreSystem\Manager</Filter>
    </ClInclude>
    <ClInclude Include="include\ZergEngine\CoreSystem\ShaderResource\VertexBuffer.h">
      <Filter>Files\ZergEngine\CoreSystem\ShaderResource</Filter>
    </ClInclude>
    <ClInclude Include="include\ZergEngine\CoreSystem\DataStructure\Ray.h">
      <Filter>Files\ZergEngine\CoreSystem\DataStructure</Filter>
    </ClInclude>
    <ClInclude Include="include\ZergEngine\CoreSystem\Effect\ImageEffect.h">
      <Filter>Files\ZergEngine\CoreSystem\Effect</Filter>
    </ClInclude>
    <ClInclude Include="include\ZergEngine\CoreSystem\GamePlayBase\UIObject\Button.h">
      <Filter>Files\ZergEngine\CoreSystem\GamePlayBase\UIObject</Filter>
    </ClInclude>
    <ClInclude Include="include\ZergEngine\CoreSystem\GamePlayBase\Component\Camera.h">
      <Filter>Files\ZergEngine\CoreSystem\GamePlayBase\Component</Filter>
    </ClInclude>
    <ClInclude Include="include\ZergEngine\CoreSystem\Manager\ComponentManager\CameraManager.h">
      <Filter>Files\ZergEngine\CoreSystem\Manager\ComponentManager</Filter>
    </ClInclude>
    <ClInclude Include="include\ZergEngine\CoreSystem\GamePlayBase\Component\ComponentInterface.h">
      <Filter>Files\ZergEngine\CoreSystem\GamePlayBase\Component</Filter>
    </ClInclude>
    <ClInclude Include="include\ZergEngine\CoreSystem\Manager\ComponentManager\ComponentManagerInterface.h">
      <Filter>Files\ZergEngine\CoreSystem\Manager\ComponentManager</Filter>
    </ClInclude>
    <ClInclude Include="include\ZergEngine\CoreSystem\Manager\ComponentManager\ComponentManagerMap.h">
      <Filter>Files\ZergEngine\CoreSystem\Manager\ComponentManager</Filter>
    </ClInclude>
    <ClInclude Include="include\ZergEngine\CoreSystem\GamePlayBase\Component\ComponentType.h">
      <Filter>Files\ZergEngine\CoreSystem\GamePlayBase\Component</Filter>
    </ClInclude>
    <ClInclude Include="include\ZergEngine\CoreSystem\Manager\ComponentManager\DirectionalLightManager.h">
      <Filter>Files\ZergEngine\CoreSystem\Manager\ComponentManager</Filter>
    </ClInclude>
    <ClInclude Include="include\ZergEngine\CoreSystem\GamePlayBase\GameObject.h">
      <Filter>Files\ZergEngine\CoreSystem\GamePlayBase</Filter>
    </ClInclude>
    <ClInclude Include="include\ZergEngine\CoreSystem\GamePlayBase\Handle.h">
      <Filter>Files\ZergEngine\CoreSystem\GamePlayBase</Filter>
    </ClInclude>
    <ClInclude Include="include\ZergEngine\CoreSystem\GamePlayBase\UIObject\Image.h">
      <Filter>Files\ZergEngine\CoreSystem\GamePlayBase\UIObject</Filter>
    </ClInclude>
    <ClInclude Include="include\ZergEngine\CoreSystem\GamePlayBase\Component\Light.h">
      <Filter>Files\ZergEngine\CoreSystem\GamePlayBase\Component</Filter>
    </ClInclude>
    <ClInclude Include="include\ZergEngine\CoreSystem\GamePlayBase\UIObject\Panel.h">
      <Filter>Files\ZergEngine\CoreSystem\GamePlayBase\UIObject</Filter>
    </ClInclude>
    <ClInclude Include="include\ZergEngine\CoreSystem\GamePlayBase\UIObject\SizeColorUIObjectInterface.h">
      <Filter>Files\ZergEngine\CoreSystem\GamePlayBase\UIObject</Filter>
    </ClInclude>
    <ClInclude Include="include\ZergEngine\CoreSystem\GamePlayBase\Component\MeshRenderer.h">
      <Filter>Files\ZergEngine\CoreSystem\GamePlayBase\Component</Filter>
    </ClInclude>
    <ClInclude Include="include\ZergEngine\CoreSystem\GamePlayBase\Component\MonoBehaviour.h">
      <Filter>Files\ZergEngine\CoreSystem\GamePlayBase\Component</Filter>
    </ClInclude>
    <ClInclude Include="include\ZergEngine\CoreSystem\GamePlayBase\Component\Terrain.h">
      <Filter>Files\ZergEngine\CoreSystem\GamePlayBase\Component</Filter>
    </ClInclude>
    <ClInclude Include="include\ZergEngine\CoreSystem\GamePlayBase\Transform.h">
      <Filter>Files\ZergEngine\CoreSystem\GamePlayBase</Filter>
    </ClInclude>
    <ClInclude Include="include\ZergEngine\CoreSystem\GamePlayBase\RectTransform.h">
      <Filter>Files\ZergEngine\CoreSystem\GamePlayBase</Filter>
    </ClInclude>
    <ClInclude Include="include\ZergEngine\CoreSystem\GamePlayBase\UIObject\UIObjectInterface.h">
      <Filter>Files\ZergEngine\CoreSystem\GamePlayBase\UIObject</Filter>
    </ClInclude>
    <ClInclude Include="include\ZergEngine\CoreSystem\GamePlayBase\UIObject\UIObjectType.h">
      <Filter>Files\ZergEngine\CoreSystem\GamePlayBase\UIObject</Filter>
    </ClInclude>
    <ClInclude Include="include\ZergEngine\CoreSystem\Effect\SkyboxEffect.h">
      <Filter>Files\ZergEngine\CoreSystem\Effect</Filter>
    </ClInclude>
    <ClInclude Include="include\ZergEngine\CoreSystem\GamePlayBase\UIObject\SizeUIObjectInterface.h">
      <Filter>Files\ZergEngine\CoreSystem\GamePlayBase\UIObject</Filter>
    </ClInclude>
    <ClInclude Include="include\ZergEngine\CoreSystem\GamePlayBase\Component\AudioSource.h">
      <Filter>Files\ZergEngine\CoreSystem\GamePlayBase\Component</Filter>
    </ClInclude>
    <ClInclude Include="include\ZergEngine\CoreSystem\GamePlayBase\UIObject\InputField.h">
      <Filter>Files\ZergEngine\CoreSystem\GamePlayBase\UIObject</Filter>
    </ClInclude>
    <ClInclude Include="include\ZergEngine\CoreSystem\GamePlayBase\UIObject\Text.h">
      <Filter>Files\ZergEngine\CoreSystem\GamePlayBase\UIObject</Filter>
    </ClInclude>
    <ClInclude Include="include\ZergEngine\CoreSystem\Manager\ComponentManager\AudioSourceManager.h">
      <Filter>Files\ZergEngine\CoreSystem\Manager\ComponentManager</Filter>
    </ClInclude>
    <ClInclude Include="include\ZergEngine\Common\DisplayMode.h">
      <Filter>Files\ZergEngine\Common</Filter>
    </ClInclude>
    <ClInclude Include="include\ZergEngine\CoreSystem\ResourceLoader.h">
      <Filter>Files\ZergEngine\CoreSystem</Filter>
    </ClInclude>
    <ClInclude Include="include\ZergEngine\CoreSystem\Manager\EnvironmentManager.h">
      <Filter>Files\ZergEngine\CoreSystem\Manager</Filter>
    </ClInclude>
    <ClInclude Include="include\ZergEngine\CoreSystem\Random.h">
      <Filter>Files\ZergEngine\CoreSystem</Filter>
    </ClInclude>
  </ItemGroup>
  <ItemGroup>
    <ClCompile Include="source\CoreSystem\Time.cpp">
      <Filter>Files\ZergEngine\CoreSystem</Filter>
    </ClCompile>
    <ClCompile Include="source\CoreSystem\Debug.cpp">
      <Filter>Files\ZergEngine\CoreSystem</Filter>
    </ClCompile>
    <ClCompile Include="source\CoreSystem\Input.cpp">
      <Filter>Files\ZergEngine\CoreSystem</Filter>
    </ClCompile>
    <ClCompile Include="source\CoreSystem\Math.cpp">
      <Filter>Files\ZergEngine\CoreSystem</Filter>
    </ClCompile>
    <ClCompile Include="source\CoreSystem\MemoryAllocator.cpp">
      <Filter>Files\ZergEngine\CoreSystem</Filter>
    </ClCompile>
    <ClCompile Include="source\CoreSystem\Resource\Material.cpp">
      <Filter>Files\ZergEngine\CoreSystem\Resource</Filter>
    </ClCompile>
    <ClCompile Include="source\CoreSystem\Resource\Mesh.cpp">
      <Filter>Files\ZergEngine\CoreSystem\Resource</Filter>
    </ClCompile>
    <ClCompile Include="source\CoreSystem\Resource\Texture.cpp">
      <Filter>Files\ZergEngine\CoreSystem\Resource</Filter>
    </ClCompile>
    <ClCompile Include="source\CoreSystem\Window.cpp">
      <Filter>Files\ZergEngine\CoreSystem</Filter>
    </ClCompile>
    <ClCompile Include="source\CoreSystem\GraphicDevice.cpp">
      <Filter>Files\ZergEngine\CoreSystem</Filter>
    </ClCompile>
    <ClCompile Include="source\CoreSystem\DataStructure\RawVector.cpp">
      <Filter>Files\ZergEngine\CoreSystem\DataStructure</Filter>
    </ClCompile>
    <ClCompile Include="source\CoreSystem\SceneInterface.cpp">
      <Filter>Files\ZergEngine\CoreSystem</Filter>
    </ClCompile>
    <ClCompile Include="source\CoreSystem\SlimRWLock.cpp">
      <Filter>Files\ZergEngine\CoreSystem</Filter>
    </ClCompile>
    <ClCompile Include="source\Common\EngineHelper.cpp">
      <Filter>Files\ZergEngine\Common</Filter>
    </ClCompile>
    <ClCompile Include="source\CoreSystem\FileSystem.cpp">
      <Filter>Files\ZergEngine\CoreSystem</Filter>
    </ClCompile>
    <ClCompile Include="source\CoreSystem\SceneTable.cpp">
      <Filter>Files\ZergEngine\CoreSystem</Filter>
    </ClCompile>
    <ClCompile Include="source\CoreSystem\InputLayout.cpp">
      <Filter>Files\ZergEngine\CoreSystem</Filter>
    </ClCompile>
    <ClCompile Include="source\CoreSystem\RenderState.cpp">
      <Filter>Files\ZergEngine\CoreSystem</Filter>
    </ClCompile>
    <ClCompile Include="source\CoreSystem\Runtime.cpp">
      <Filter>Files\ZergEngine\CoreSystem</Filter>
    </ClCompile>
    <ClCompile Include="source\CoreSystem\DataStructure\Aabb.cpp">
      <Filter>Files\ZergEngine\CoreSystem\DataStructure</Filter>
    </ClCompile>
    <ClCompile Include="source\CoreSystem\Renderer.cpp">
      <Filter>Files\ZergEngine\CoreSystem</Filter>
    </ClCompile>
    <ClCompile Include="source\CoreSystem\Manager\SceneManager.cpp">
      <Filter>Files\ZergEngine\CoreSystem\Manager</Filter>
    </ClCompile>
    <ClCompile Include="source\CoreSystem\Manager\GameObjectManager.cpp">
      <Filter>Files\ZergEngine\CoreSystem\Manager</Filter>
    </ClCompile>
    <ClCompile Include="source\CoreSystem\Manager\ComponentManager\MeshRendererManager.cpp">
      <Filter>Files\ZergEngine\CoreSystem\Manager\ComponentManager</Filter>
    </ClCompile>
    <ClCompile Include="source\CoreSystem\Manager\ComponentManager\PointLightManager.cpp">
      <Filter>Files\ZergEngine\CoreSystem\Manager\ComponentManager</Filter>
    </ClCompile>
    <ClCompile Include="source\CoreSystem\Manager\ComponentManager\MonoBehaviourManager.cpp">
      <Filter>Files\ZergEngine\CoreSystem\Manager\ComponentManager</Filter>
    </ClCompile>
    <ClCompile Include="source\CoreSystem\Manager\ComponentManager\SpotLightManager.cpp">
      <Filter>Files\ZergEngine\CoreSystem\Manager\ComponentManager</Filter>
    </ClCompile>
    <ClCompile Include="source\CoreSystem\Manager\ComponentManager\TerrainManager.cpp">
      <Filter>Files\ZergEngine\CoreSystem\Manager\ComponentManager</Filter>
    </ClCompile>
    <ClCompile Include="source\CoreSystem\Effect\BasicEffectPNT.cpp">
      <Filter>Files\ZergEngine\CoreSystem\Effect</Filter>
    </ClCompile>
    <ClCompile Include="source\CoreSystem\ShaderResource\ConstantBuffer.cpp">
      <Filter>Files\ZergEngine\CoreSystem\ShaderResource</Filter>
    </ClCompile>
    <ClCompile Include="source\CoreSystem\Shader.cpp">
      <Filter>Files\ZergEngine\CoreSystem</Filter>
    </ClCompile>
    <ClCompile Include="source\CoreSystem\DeviceContext\EffectDeviceContext.cpp">
      <Filter>Files\ZergEngine\CoreSystem\DeviceContext</Filter>
    </ClCompile>
    <ClCompile Include="source\CoreSystem\Effect\DummyEffect.cpp">
      <Filter>Files\ZergEngine\CoreSystem\Effect</Filter>
    </ClCompile>
    <ClCompile Include="source\CoreSystem\Effect\BasicEffectP.cpp">
      <Filter>Files\ZergEngine\CoreSystem\Effect</Filter>
    </ClCompile>
    <ClCompile Include="source\CoreSystem\Effect\BasicEffectPC.cpp">
      <Filter>Files\ZergEngine\CoreSystem\Effect</Filter>
    </ClCompile>
    <ClCompile Include="source\CoreSystem\Effect\BasicEffectPN.cpp">
      <Filter>Files\ZergEngine\CoreSystem\Effect</Filter>
    </ClCompile>
    <ClCompile Include="source\CoreSystem\Effect\BasicEffectPT.cpp">
      <Filter>Files\ZergEngine\CoreSystem\Effect</Filter>
    </ClCompile>
    <ClCompile Include="source\CoreSystem\Effect\DrawQuadWithMSTextureEffect.cpp">
      <Filter>Files\ZergEngine\CoreSystem\Effect</Filter>
    </ClCompile>
    <ClCompile Include="source\CoreSystem\Effect\ButtonEffect.cpp">
      <Filter>Files\ZergEngine\CoreSystem\Effect</Filter>
    </ClCompile>
    <ClCompile Include="source\CoreSystem\Manager\UIObjectManager.cpp">
      <Filter>Files\ZergEngine\CoreSystem\Manager</Filter>
    </ClCompile>
    <ClCompile Include="source\CoreSystem\ShaderResource\VertexBuffer.cpp">
      <Filter>Files\ZergEngine\CoreSystem\ShaderResource</Filter>
    </ClCompile>
    <ClCompile Include="source\CoreSystem\DataStructure\Ray.cpp">
      <Filter>Files\ZergEngine\CoreSystem\DataStructure</Filter>
    </ClCompile>
    <ClCompile Include="source\CoreSystem\Effect\ImageEffect.cpp">
      <Filter>Files\ZergEngine\CoreSystem\Effect</Filter>
    </ClCompile>
    <ClCompile Include="source\CoreSystem\GamePlayBase\UIObject\Button.cpp">
      <Filter>Files\ZergEngine\CoreSystem\GamePlayBase\UIObject</Filter>
    </ClCompile>
    <ClCompile Include="source\CoreSystem\GamePlayBase\Component\Camera.cpp">
      <Filter>Files\ZergEngine\CoreSystem\GamePlayBase\Component</Filter>
    </ClCompile>
    <ClCompile Include="source\CoreSystem\Manager\ComponentManager\CameraManager.cpp">
      <Filter>Files\ZergEngine\CoreSystem\Manager\ComponentManager</Filter>
    </ClCompile>
    <ClCompile Include="source\CoreSystem\GamePlayBase\Component\ComponentInterface.cpp">
      <Filter>Files\ZergEngine\CoreSystem\GamePlayBase\Component</Filter>
    </ClCompile>
    <ClCompile Include="source\CoreSystem\Manager\ComponentManager\ComponentManagerInterface.cpp">
      <Filter>Files\ZergEngine\CoreSystem\Manager\ComponentManager</Filter>
    </ClCompile>
    <ClCompile Include="source\CoreSystem\Manager\ComponentManager\ComponentManagerMap.cpp">
      <Filter>Files\ZergEngine\CoreSystem\Manager\ComponentManager</Filter>
    </ClCompile>
    <ClCompile Include="source\CoreSystem\Manager\ComponentManager\DirectionalLightManager.cpp">
      <Filter>Files\ZergEngine\CoreSystem\Manager\ComponentManager</Filter>
    </ClCompile>
    <ClCompile Include="source\CoreSystem\GamePlayBase\GameObject.cpp">
      <Filter>Files\ZergEngine\CoreSystem\GamePlayBase</Filter>
    </ClCompile>
    <ClCompile Include="source\CoreSystem\GamePlayBase\Handle.cpp">
      <Filter>Files\ZergEngine\CoreSystem\GamePlayBase</Filter>
    </ClCompile>
    <ClCompile Include="source\CoreSystem\GamePlayBase\UIObject\Image.cpp">
      <Filter>Files\ZergEngine\CoreSystem\GamePlayBase\UIObject</Filter>
    </ClCompile>
    <ClCompile Include="source\CoreSystem\GamePlayBase\Component\Light.cpp">
      <Filter>Files\ZergEngine\CoreSystem\GamePlayBase\Component</Filter>
    </ClCompile>
    <ClCompile Include="source\CoreSystem\GamePlayBase\UIObject\Panel.cpp">
      <Filter>Files\ZergEngine\CoreSystem\GamePlayBase\UIObject</Filter>
    </ClCompile>
    <ClCompile Include="source\CoreSystem\GamePlayBase\UIObject\SizeColorUIObjectInterface.cpp">
      <Filter>Files\ZergEngine\CoreSystem\GamePlayBase\UIObject</Filter>
    </ClCompile>
    <ClCompile Include="source\CoreSystem\GamePlayBase\Component\MeshRenderer.cpp">
      <Filter>Files\ZergEngine\CoreSystem\GamePlayBase\Component</Filter>
    </ClCompile>
    <ClCompile Include="source\CoreSystem\GamePlayBase\Component\MonoBehaviour.cpp">
      <Filter>Files\ZergEngine\CoreSystem\GamePlayBase\Component</Filter>
    </ClCompile>
    <ClCompile Include="source\CoreSystem\GamePlayBase\Component\Terrain.cpp">
      <Filter>Files\ZergEngine\CoreSystem\GamePlayBase\Component</Filter>
    </ClCompile>
    <ClCompile Include="source\CoreSystem\GamePlayBase\Transform.cpp">
      <Filter>Files\ZergEngine\CoreSystem\GamePlayBase</Filter>
    </ClCompile>
    <ClCompile Include="source\CoreSystem\GamePlayBase\RectTransform.cpp">
      <Filter>Files\ZergEngine\CoreSystem\GamePlayBase</Filter>
    </ClCompile>
    <ClCompile Include="source\CoreSystem\GamePlayBase\UIObject\UIObjectInterface.cpp">
      <Filter>Files\ZergEngine\CoreSystem\GamePlayBase\UIObject</Filter>
    </ClCompile>
    <ClCompile Include="source\CoreSystem\Effect\SkyboxEffect.cpp">
      <Filter>Files\ZergEngine\CoreSystem\Effect</Filter>
    </ClCompile>
    <ClCompile Include="source\CoreSystem\GamePlayBase\UIObject\SizeUIObjectInterface.cpp">
      <Filter>Files\ZergEngine\CoreSystem\GamePlayBase\UIObject</Filter>
    </ClCompile>
    <ClCompile Include="source\CoreSystem\GamePlayBase\Component\AudioSource.cpp">
      <Filter>Files\ZergEngine\CoreSystem\GamePlayBase\Component</Filter>
    </ClCompile>
    <ClCompile Include="source\CoreSystem\GamePlayBase\UIObject\InputField.cpp">
      <Filter>Files\ZergEngine\CoreSystem\GamePlayBase\UIObject</Filter>
    </ClCompile>
    <ClCompile Include="source\CoreSystem\GamePlayBase\UIObject\Text.cpp">
      <Filter>Files\ZergEngine\CoreSystem\GamePlayBase\UIObject</Filter>
    </ClCompile>
    <ClCompile Include="source\CoreSystem\Manager\ComponentManager\AudioSourceManager.cpp">
      <Filter>Files\ZergEngine\CoreSystem\Manager\ComponentManager</Filter>
    </ClCompile>
    <ClCompile Include="source\CoreSystem\ResourceLoader.cpp">
      <Filter>Files\ZergEngine\CoreSystem</Filter>
    </ClCompile>
    <ClCompile Include="source\CoreSystem\Manager\EnvironmentManager.cpp">
      <Filter>Files\ZergEngine\CoreSystem\Manager</Filter>
    </ClCompile>
    <ClCompile Include="source\CoreSystem\Random.cpp">
      <Filter>Files\ZergEngine\CoreSystem</Filter>
    </ClCompile>
  </ItemGroup>
  <ItemGroup>
    <None Include="source\CoreSystem\ShaderCode\ShaderCommon.hlsli">
      <Filter>Files\ZergEngine\CoreSystem\ShaderCode</Filter>
    </None>
    <None Include="include\ZergEngine\Common\DirectXTK\SimpleMath.inl">
      <Filter>Files\extlib\DirectXTK</Filter>
    </None>
    <None Include="include\ZergEngine\Common\DirectXTex\DirectXTex.inl">
      <Filter>Files\extlib\DirectXTex</Filter>
    </None>
    <None Include="source\CoreSystem\ShaderCode\SubsetLighting.hlsli">
      <Filter>Files\ZergEngine\CoreSystem\ShaderCode</Filter>
    </None>
  </ItemGroup>
  <ItemGroup>
    <FxCompile Include="source\CoreSystem\ShaderCode\VSTransformPNTToHCS.hlsl">
      <Filter>Files\ZergEngine\CoreSystem\ShaderCode</Filter>
    </FxCompile>
    <FxCompile Include="source\CoreSystem\ShaderCode\PSColorPFragment.hlsl">
      <Filter>Files\ZergEngine\CoreSystem\ShaderCode</Filter>
    </FxCompile>
    <FxCompile Include="source\CoreSystem\ShaderCode\PSColorPNFragment.hlsl">
      <Filter>Files\ZergEngine\CoreSystem\ShaderCode</Filter>
    </FxCompile>
    <FxCompile Include="source\CoreSystem\ShaderCode\PSColorPNTFragment.hlsl">
      <Filter>Files\ZergEngine\CoreSystem\ShaderCode</Filter>
    </FxCompile>
    <FxCompile Include="source\CoreSystem\ShaderCode\PSColorSkyboxFragment.hlsl">
      <Filter>Files\ZergEngine\CoreSystem\ShaderCode</Filter>
    </FxCompile>
    <FxCompile Include="source\CoreSystem\ShaderCode\VSTransformPNToHCS.hlsl">
      <Filter>Files\ZergEngine\CoreSystem\ShaderCode</Filter>
    </FxCompile>
    <FxCompile Include="source\CoreSystem\ShaderCode\VSTransformPToHCS.hlsl">
      <Filter>Files\ZergEngine\CoreSystem\ShaderCode</Filter>
    </FxCompile>
    <FxCompile Include="source\CoreSystem\ShaderCode\VSTransformPCToHCS.hlsl">
      <Filter>Files\ZergEngine\CoreSystem\ShaderCode</Filter>
    </FxCompile>
    <FxCompile Include="source\CoreSystem\ShaderCode\PSColorPCFragment.hlsl">
      <Filter>Files\ZergEngine\CoreSystem\ShaderCode</Filter>
    </FxCompile>
    <FxCompile Include="source\CoreSystem\ShaderCode\VSTransformPTToHCS.hlsl">
      <Filter>Files\ZergEngine\CoreSystem\ShaderCode</Filter>
    </FxCompile>
    <FxCompile Include="source\CoreSystem\ShaderCode\PSColorPTFragment.hlsl">
      <Filter>Files\ZergEngine\CoreSystem\ShaderCode</Filter>
    </FxCompile>
    <FxCompile Include="source\CoreSystem\ShaderCode\VSTransformCameraMergeQuad.hlsl">
      <Filter>Files\ZergEngine\CoreSystem\ShaderCode</Filter>
    </FxCompile>
    <FxCompile Include="source\CoreSystem\ShaderCode\PSColorPTFragmentSingleMSTexture.hlsl">
      <Filter>Files\ZergEngine\CoreSystem\ShaderCode</Filter>
    </FxCompile>
    <FxCompile Include="source\CoreSystem\ShaderCode\VSTransformTerrainPatchCtrlPt.hlsl">
      <Filter>Files\ZergEngine\CoreSystem\ShaderCode</Filter>
    </FxCompile>
    <FxCompile Include="source\CoreSystem\ShaderCode\HSCalcTerrainTessFactor.hlsl">
      <Filter>Files\ZergEngine\CoreSystem\ShaderCode</Filter>
    </FxCompile>
    <FxCompile Include="source\CoreSystem\ShaderCode\DSSampleTerrainHeightMap.hlsl">
      <Filter>Files\ZergEngine\CoreSystem\ShaderCode</Filter>
    </FxCompile>
    <FxCompile Include="source\CoreSystem\ShaderCode\PSColorTerrainFragment.hlsl">
      <Filter>Files\ZergEngine\CoreSystem\ShaderCode</Filter>
    </FxCompile>
    <FxCompile Include="source\CoreSystem\ShaderCode\VSTransformSkyboxToHCS.hlsl">
      <Filter>Files\ZergEngine\CoreSystem\ShaderCode</Filter>
    </FxCompile>
    <FxCompile Include="source\CoreSystem\ShaderCode\VSTransformButtonToHCS.hlsl">
      <Filter>Files\ZergEngine\CoreSystem\ShaderCode</Filter>
    </FxCompile>
    <FxCompile Include="source\CoreSystem\ShaderCode\PSColorButtonFragment.hlsl">
      <Filter>Files\ZergEngine\CoreSystem\ShaderCode</Filter>
    </FxCompile>
    <FxCompile Include="source\CoreSystem\ShaderCode\PSColorPTUIQuad.hlsl">
      <Filter>Files\ZergEngine\CoreSystem\ShaderCode</Filter>
    </FxCompile>
    <FxCompile Include="source\CoreSystem\ShaderCode\VSTransformPTQuadToHCS.hlsl">
      <Filter>Files\ZergEngine\CoreSystem\ShaderCode</Filter>
    </FxCompile>
  </ItemGroup>
</Project>