<?xml version="1.0" encoding="utf-8"?>
<Project ToolsVersion="4.0" xmlns="http://schemas.microsoft.com/developer/msbuild/2003">
  <ItemGroup>
    <Filter Include="Resource Files">
      <UniqueIdentifier>{67DA6AB6-F800-4c08-8B7A-83BB121AAD01}</UniqueIdentifier>
      <Extensions>rc;ico;cur;bmp;dlg;rc2;rct;bin;rgs;gif;jpg;jpeg;jpe;resx;tiff;tif;png;wav;mfcribbon-ms</Extensions>
    </Filter>
    <Filter Include="Files">
      <UniqueIdentifier>{7f2c4f42-cd63-4aa8-b697-f09c155103ca}</UniqueIdentifier>
    </Filter>
    <Filter Include="Files\HTVItem">
      <UniqueIdentifier>{ea522cb2-781e-4bcf-9663-bf2ca693b184}</UniqueIdentifier>
    </Filter>
    <Filter Include="Files\CLVItem">
      <UniqueIdentifier>{11319133-4dff-46f2-aa9b-b8c6ea3457ba}</UniqueIdentifier>
    </Filter>
    <Filter Include="Files\CommandHandler">
      <UniqueIdentifier>{e5d77495-7166-4837-8384-28750b9bf338}</UniqueIdentifier>
    </Filter>
    <Filter Include="Files\Edit">
      <UniqueIdentifier>{d0daf16a-765f-49c9-a294-1d4e70c1a1e7}</UniqueIdentifier>
    </Filter>
    <Filter Include="Files\ALVItem">
      <UniqueIdentifier>{35fc3486-8e19-4845-abef-e2a1c4004b89}</UniqueIdentifier>
    </Filter>
  </ItemGroup>
  <ItemGroup>
    <ClInclude Include="BufferDC.h">
      <Filter>Files</Filter>
    </ClInclude>
    <ClInclude Include="ComponentListView.h">
      <Filter>Files</Filter>
    </ClInclude>
    <ClInclude Include="framework.h">
      <Filter>Files</Filter>
    </ClInclude>
    <ClInclude Include="Helper.h">
      <Filter>Files</Filter>
    </ClInclude>
    <ClInclude Include="HierarchyTreeView.h">
      <Filter>Files</Filter>
    </ClInclude>
    <ClInclude Include="LevelEditor.h">
      <Filter>Files</Filter>
    </ClInclude>
    <ClInclude Include="LevelEditorDoc.h">
      <Filter>Files</Filter>
    </ClInclude>
    <ClInclude Include="LevelEditorView.h">
      <Filter>Files</Filter>
    </ClInclude>
    <ClInclude Include="LogListView.h">
      <Filter>Files</Filter>
    </ClInclude>
    <ClInclude Include="MainFrm.h">
      <Filter>Files</Filter>
    </ClInclude>
    <ClInclude Include="Resource.h">
      <Filter>Files</Filter>
    </ClInclude>
    <ClInclude Include="Settings.h">
      <Filter>Files</Filter>
    </ClInclude>
    <ClInclude Include="targetver.h">
      <Filter>Files</Filter>
    </ClInclude>
    <ClInclude Include="TerrainGenerationDialog.h">
      <Filter>Files</Filter>
    </ClInclude>
    <ClInclude Include="TransformInspectorFormView.h">
      <Filter>Files</Filter>
    </ClInclude>
    <ClInclude Include="Edit\FloatEdit.h">
      <Filter>Files\Edit</Filter>
    </ClInclude>
    <ClInclude Include="TerrainDataEditor.h">
      <Filter>Files</Filter>
    </ClInclude>
    <ClInclude Include="MeshRendererInspectorFormView.h">
      <Filter>Files</Filter>
    </ClInclude>
    <ClInclude Include="HTVItem\HTVItemInterface.h">
      <Filter>Files\HTVItem</Filter>
    </ClInclude>
    <ClInclude Include="CLVItem\CLVItemInterface.h">
      <Filter>Files\CLVItem</Filter>
    </ClInclude>
    <ClInclude Include="HTVItem\HTVItemGameObject.h">
      <Filter>Files\HTVItem</Filter>
    </ClInclude>
    <ClInclude Include="CommandHandler\CommandHandler.h">
      <Filter>Files\CommandHandler</Filter>
    </ClInclude>
    <ClInclude Include="HTVItem\HTVItemRoot.h">
      <Filter>Files\HTVItem</Filter>
    </ClInclude>
    <ClInclude Include="HTVItem\HTVItemEmpty.h">
      <Filter>Files\HTVItem</Filter>
    </ClInclude>
    <ClInclude Include="CLVItem\CLVItemTransform.h">
      <Filter>Files\CLVItem</Filter>
    </ClInclude>
    <ClInclude Include="EmptyInspectorFormView.h">
      <Filter>Files</Filter>
    </ClInclude>
    <ClInclude Include="CLVItem\CLVItemMeshRenderer.h">
      <Filter>Files\CLVItem</Filter>
    </ClInclude>
    <ClInclude Include="CLVItem\CLVItemEmpty.h">
      <Filter>Files\CLVItem</Filter>
    </ClInclude>
    <ClInclude Include="CLVItem\CLVItemTerrain.h">
      <Filter>Files\CLVItem</Filter>
    </ClInclude>
    <ClInclude Include="TerrainInspectorFormView.h">
      <Filter>Files</Filter>
    </ClInclude>
    <ClInclude Include="MaterialInspectorFormView.h">
      <Filter>Files</Filter>
    </ClInclude>
    <ClInclude Include="ALVItem\ALVItemInterface.h">
      <Filter>Files\ALVItem</Filter>
    </ClInclude>
    <ClInclude Include="AssetTreeView.h">
      <Filter>Files</Filter>
    </ClInclude>
  </ItemGroup>
  <ItemGroup>
    <ClCompile Include="BufferDC.cpp">
      <Filter>Files</Filter>
    </ClCompile>
    <ClCompile Include="ComponentListView.cpp">
      <Filter>Files</Filter>
    </ClCompile>
    <ClCompile Include="HierarchyTreeView.cpp">
      <Filter>Files</Filter>
    </ClCompile>
    <ClCompile Include="LevelEditor.cpp">
      <Filter>Files</Filter>
    </ClCompile>
    <ClCompile Include="LevelEditorDoc.cpp">
      <Filter>Files</Filter>
    </ClCompile>
    <ClCompile Include="LevelEditorView.cpp">
      <Filter>Files</Filter>
    </ClCompile>
    <ClCompile Include="LogListView.cpp">
      <Filter>Files</Filter>
    </ClCompile>
    <ClCompile Include="MainFrm.cpp">
      <Filter>Files</Filter>
    </ClCompile>
    <ClCompile Include="TerrainGenerationDialog.cpp">
      <Filter>Files</Filter>
    </ClCompile>
    <ClCompile Include="TransformInspectorFormView.cpp">
      <Filter>Files</Filter>
    </ClCompile>
    <ClCompile Include="Edit\FloatEdit.cpp">
      <Filter>Files\Edit</Filter>
    </ClCompile>
    <ClCompile Include="TerrainDataEditor.cpp">
      <Filter>Files</Filter>
    </ClCompile>
    <ClCompile Include="MeshRendererInspectorFormView.cpp">
      <Filter>Files</Filter>
    </ClCompile>
    <ClCompile Include="HTVItem\HTVItemInterface.cpp">
      <Filter>Files\HTVItem</Filter>
    </ClCompile>
    <ClCompile Include="CLVItem\CLVItemInterface.cpp">
      <Filter>Files\CLVItem</Filter>
    </ClCompile>
    <ClCompile Include="HTVItem\HTVItemGameObject.cpp">
      <Filter>Files\HTVItem</Filter>
    </ClCompile>
    <ClCompile Include="CommandHandler\CommandHandler.cpp">
      <Filter>Files\CommandHandler</Filter>
    </ClCompile>
    <ClCompile Include="HTVItem\HTVItemRoot.cpp">
      <Filter>Files\HTVItem</Filter>
    </ClCompile>
    <ClCompile Include="HTVItem\HTVItemEmpty.cpp">
      <Filter>Files\HTVItem</Filter>
    </ClCompile>
    <ClCompile Include="CLVItem\CLVItemTransform.cpp">
      <Filter>Files\CLVItem</Filter>
    </ClCompile>
    <ClCompile Include="EmptyInspectorFormView.cpp">
      <Filter>Files</Filter>
    </ClCompile>
    <ClCompile Include="CLVItem\CLVItemMeshRenderer.cpp">
      <Filter>Files\CLVItem</Filter>
    </ClCompile>
    <ClCompile Include="CLVItem\CLVItemEmpty.cpp">
      <Filter>Files\CLVItem</Filter>
    </ClCompile>
    <ClCompile Include="CLVItem\CLVItemTerrain.cpp">
      <Filter>Files\CLVItem</Filter>
    </ClCompile>
    <ClCompile Include="TerrainInspectorFormView.cpp">
      <Filter>Files</Filter>
    </ClCompile>
    <ClCompile Include="MaterialInspectorFormView.cpp">
      <Filter>Files</Filter>
    </ClCompile>
    <ClCompile Include="ALVItem\ALVItemInterface.cpp">
      <Filter>Files\ALVItem</Filter>
    </ClCompile>
    <ClCompile Include="AssetTreeView.cpp">
      <Filter>Files</Filter>
    </ClCompile>
  </ItemGroup>
  <ItemGroup>
    <ResourceCompile Include="LevelEditor.rc">
      <Filter>Resource Files</Filter>
    </ResourceCompile>
  </ItemGroup>
  <ItemGroup>
    <None Include="res\LevelEditor.rc2">
      <Filter>Resource Files</Filter>
    </None>
  </ItemGroup>
  <ItemGroup>
    <Image Include="res\LevelEditorDoc.ico">
      <Filter>Resource Files</Filter>
    </Image>
    <Image Include="res\LevelEditor.ico">
      <Filter>Resource Files</Filter>
    </Image>
    <Image Include="res\Toolbar.bmp">
      <Filter>Resource Files</Filter>
    </Image>
    <Image Include="res\ZEPackedIcon.bmp">
      <Filter>Resource Files</Filter>
    </Image>
    <Image Include="res\ZergEngineLogoMedium.ico">
      <Filter>Resource Files</Filter>
    </Image>
  </ItemGroup>
</Project>