<?xml version="1.0" encoding="utf-8"?>
<Project ToolsVersion="4.0" xmlns="http://schemas.microsoft.com/developer/msbuild/2003">
  <ItemGroup>
    <Filter Include="Source Files">
      <UniqueIdentifier>{4FC737F1-C7A5-4376-A066-2A32D752A2FF}</UniqueIdentifier>
      <Extensions>cpp;c;cc;cxx;c++;cppm;ixx;def;odl;idl;hpj;bat;asm;asmx</Extensions>
    </Filter>
    <Filter Include="Header Files">
      <UniqueIdentifier>{93995380-89BD-4b04-88EB-625FBE52EBFB}</UniqueIdentifier>
      <Extensions>h;hh;hpp;hxx;h++;hm;inl;inc;ipp;xsd</Extensions>
    </Filter>
    <Filter Include="Resource Files">
      <UniqueIdentifier>{67DA6AB6-F800-4c08-8B7A-83BB121AAD01}</UniqueIdentifier>
      <Extensions>rc;ico;cur;bmp;dlg;rc2;rct;bin;rgs;gif;jpg;jpeg;jpe;resx;tiff;tif;png;wav;mfcribbon-ms</Extensions>
    </Filter>
  </ItemGroup>
  <ItemGroup>
    <ClCompile Include="main.cpp">
      <Filter>Source Files</Filter>
    </ClCompile>
    <ClCompile Include="GameSession.cpp">
      <Filter>Source Files</Filter>
    </ClCompile>
    <ClCompile Include="GameChannel.cpp">
      <Filter>Source Files</Filter>
    </ClCompile>
    <ClCompile Include="GameRoom.cpp">
      <Filter>Source Files</Filter>
    </ClCompile>
    <ClCompile Include="ChannelJob.cpp">
      <Filter>Source Files</Filter>
    </ClCompile>
    <ClCompile Include="ChJobReqJoinChannel.cpp">
      <Filter>Source Files</Filter>
    </ClCompile>
    <ClCompile Include="ChJobReqChannelInfo.cpp">
      <Filter>Source Files</Filter>
    </ClCompile>
    <ClCompile Include="GameServer.cpp">
      <Filter>Source Files</Filter>
    </ClCompile>
    <ClCompile Include="ChJobSessionLogout.cpp">
      <Filter>Source Files</Filter>
    </ClCompile>
    <ClCompile Include="ChJobReqExitGameChannel.cpp">
      <Filter>Source Files</Filter>
    </ClCompile>
    <ClCompile Include="ChJobReqGameRoomList.cpp">
      <Filter>Source Files</Filter>
    </ClCompile>
    <ClCompile Include="ChJobReqCreateGameRoom.cpp">
      <Filter>Source Files</Filter>
    </ClCompile>
    <ClCompile Include="ChJobReqExitGameRoom.cpp">
      <Filter>Source Files</Filter>
    </ClCompile>
    <ClCompile Include="ChJobReqSendChatMsg.cpp">
      <Filter>Source Files</Filter>
    </ClCompile>
    <ClCompile Include="ChJobReqChangeTeam.cpp">
      <Filter>Source Files</Filter>
    </ClCompile>
    <ClCompile Include="ChJobReqJoinGameRoom.cpp">
      <Filter>Source Files</Filter>
    </ClCompile>
    <ClCompile Include="ChJobReqChangeReadyState.cpp">
      <Filter>Source Files</Filter>
    </ClCompile>
    <ClCompile Include="ChJobReqHostGameStart.cpp">
      <Filter>Source Files</Filter>
    </ClCompile>
  </ItemGroup>
  <ItemGroup>
    <ClInclude Include="GameSession.h">
      <Filter>Header Files</Filter>
    </ClInclude>
    <ClInclude Include="Protocol.h">
      <Filter>Header Files</Filter>
    </ClInclude>
    <ClInclude Include="Constants.h">
      <Filter>Header Files</Filter>
    </ClInclude>
    <ClInclude Include="GameChannel.h">
      <Filter>Header Files</Filter>
    </ClInclude>
    <ClInclude Include="GameRoom.h">
      <Filter>Header Files</Filter>
    </ClInclude>
    <ClInclude Include="SlimRWLock.h">
      <Filter>Header Files</Filter>
    </ClInclude>
    <ClInclude Include="Contents.h">
      <Filter>Header Files</Filter>
    </ClInclude>
    <ClInclude Include="ChannelJob.h">
      <Filter>Header Files</Filter>
    </ClInclude>
    <ClInclude Include="ChJobReqJoinChannel.h">
      <Filter>Header Files</Filter>
    </ClInclude>
    <ClInclude Include="ChJobReqChannelInfo.h">
      <Filter>Header Files</Filter>
    </ClInclude>
    <ClInclude Include="GameServer.h">
      <Filter>Header Files</Filter>
    </ClInclude>
    <ClInclude Include="ChJobSessionLogout.h">
      <Filter>Header Files</Filter>
    </ClInclude>
    <ClInclude Include="ChJobReqExitGameChannel.h">
      <Filter>Header Files</Filter>
    </ClInclude>
    <ClInclude Include="ChJobReqGameRoomList.h">
      <Filter>Header Files</Filter>
    </ClInclude>
    <ClInclude Include="ChJobReqCreateGameRoom.h">
      <Filter>Header Files</Filter>
    </ClInclude>
    <ClInclude Include="ChJobReqExitGameRoom.h">
      <Filter>Header Files</Filter>
    </ClInclude>
    <ClInclude Include="ChJobReqSendChatMsg.h">
      <Filter>Header Files</Filter>
    </ClInclude>
    <ClInclude Include="ChJobReqChangeTeam.h">
      <Filter>Header Files</Filter>
    </ClInclude>
    <ClInclude Include="ChJobReqJoinGameRoom.h">
      <Filter>Header Files</Filter>
    </ClInclude>
    <ClInclude Include="ChJobReqChangeReadyState.h">
      <Filter>Header Files</Filter>
    </ClInclude>
    <ClInclude Include="ChJobReqHostGameStart.h">
      <Filter>Header Files</Filter>
    </ClInclude>
  </ItemGroup>
</Project>